
Microsoft Visual Studio Solution File, Format Version 12.00
# Visual Studio Version 17
VisualStudioVersion = 17.9.34728.123
MinimumVisualStudioVersion = 10.0.40219.1
Project("{FAE04EC0-301F-11D3-BF4B-00C04F79EFBC}") = "Calculator 1", "Calculator 1\Calculator 1.csproj", "{964E3A39-AFD1-4292-BB91-AB5834A96C1F}"
EndProject
Global
	GlobalSection(SolutionConfigurationPlatforms) = preSolution
		Debug|Any CPU = Debug|Any CPU
		Release|Any CPU = Release|Any CPU
	EndGlobalSection
	GlobalSection(ProjectConfigurationPlatforms) = postSolution
		{964E3A39-AFD1-4292-BB91-AB5834A96C1F}.Debug|Any CPU.ActiveCfg = Debug|Any CPU
		{964E3A39-AFD1-4292-BB91-AB5834A96C1F}.Debug|Any CPU.Build.0 = Debug|Any CPU
		{964E3A39-AFD1-4292-BB91-AB5834A96C1F}.Release|Any CPU.ActiveCfg = Release|Any CPU
		{964E3A39-AFD1-4292-BB91-AB5834A96C1F}.Release|Any CPU.Build.0 = Release|Any CPU
	EndGlobalSection
	GlobalSection(SolutionProperties) = preSolution
		HideSolutionNode = FALSE
	EndGlobalSection
	GlobalSection(ExtensibilityGlobals) = postSolution
		SolutionGuid = {CC9ECC96-DE11-4CBD-B737-7A764CD79665}
	EndGlobalSection
EndGlobal
